
Microsoft Visual Studio Solution File, Format Version 12.00
# Visual Studio Version 16
VisualStudioVersion = 16.0.31321.278
MinimumVisualStudioVersion = 10.0.40219.1
Project("{FAE04EC0-301F-11D3-BF4B-00C04F79EFBC}") = "K_LargestInStream", "K_LargestInStream.csproj", "{ED87E32A-3B9A-4940-A530-DE50511AD64E}"
EndProject
Global
	GlobalSection(SolutionConfigurationPlatforms) = preSolution
		Debug|Any CPU = Debug|Any CPU
		Release|Any CPU = Release|Any CPU
	EndGlobalSection
	GlobalSection(ProjectConfigurationPlatforms) = postSolution
		{ED87E32A-3B9A-4940-A530-DE50511AD64E}.Debug|Any CPU.ActiveCfg = Debug|Any CPU
		{ED87E32A-3B9A-4940-A530-DE50511AD64E}.Debug|Any CPU.Build.0 = Debug|Any CPU
		{ED87E32A-3B9A-4940-A530-DE50511AD64E}.Release|Any CPU.ActiveCfg = Release|Any CPU
		{ED87E32A-3B9A-4940-A530-DE50511AD64E}.Release|Any CPU.Build.0 = Release|Any CPU
	EndGlobalSection
	GlobalSection(SolutionProperties) = preSolution
		HideSolutionNode = FALSE
	EndGlobalSection
	GlobalSection(ExtensibilityGlobals) = postSolution
		SolutionGuid = {990AC4ED-CB59-46D6-BD27-EA946215FFCC}
	EndGlobalSection
EndGlobal
